// !$*UTF8*$!
{
	archiveVersion = 1;
	classes = {
	};
	objectVersion = 56;
	objects = {

/* Begin PBXBuildFile section */
		FE0936562BF359F4001BD276 /* QuantamITSolutionApp.swift in Sources */ = {isa = PBXBuildFile; fileRef = FE0936552BF359F4001BD276 /* QuantamITSolutionApp.swift */; };
		FE0936582BF359F4001BD276 /* ContentView.swift in Sources */ = {isa = PBXBuildFile; fileRef = FE0936572BF359F4001BD276 /* ContentView.swift */; };
		FE09365A2BF359F5001BD276 /* Assets.xcassets in Resources */ = {isa = PBXBuildFile; fileRef = FE0936592BF359F5001BD276 /* Assets.xcassets */; };
		FE09365D2BF359F5001BD276 /* Preview Assets.xcassets in Resources */ = {isa = PBXBuildFile; fileRef = FE09365C2BF359F5001BD276 /* Preview Assets.xcassets */; };
		FE09365F2BF359F5001BD276 /* Persistence.swift in Sources */ = {isa = PBXBuildFile; fileRef = FE09365E2BF359F5001BD276 /* Persistence.swift */; };
		FE0936622BF359F5001BD276 /* QuantamITSolution.xcdatamodeld in Sources */ = {isa = PBXBuildFile; fileRef = FE0936602BF359F5001BD276 /* QuantamITSolution.xcdatamodeld */; };
		FE0936692BF360E8001BD276 /* SideMenu.swift in Sources */ = {isa = PBXBuildFile; fileRef = FE0936682BF360E8001BD276 /* SideMenu.swift */; };
		FE09366B2BF3626C001BD276 /* SideViewContents.swift in Sources */ = {isa = PBXBuildFile; fileRef = FE09366A2BF3626C001BD276 /* SideViewContents.swift */; };
		FE09366F2BF3872C001BD276 /* GYMView.swift in Sources */ = {isa = PBXBuildFile; fileRef = FE09366E2BF3872C001BD276 /* GYMView.swift */; };
		FE0936712BF38772001BD276 /* StatsView.swift in Sources */ = {isa = PBXBuildFile; fileRef = FE0936702BF38771001BD276 /* StatsView.swift */; };
		FE0936732BF3879E001BD276 /* Location.swift in Sources */ = {isa = PBXBuildFile; fileRef = FE0936722BF3879E001BD276 /* Location.swift */; };
		FE0936752BF38811001BD276 /* HomeView.swift in Sources */ = {isa = PBXBuildFile; fileRef = FE0936742BF38811001BD276 /* HomeView.swift */; };
		FE0936792BF38A2B001BD276 /* BannerNetworkService.swift in Sources */ = {isa = PBXBuildFile; fileRef = FE0936782BF38A2B001BD276 /* BannerNetworkService.swift */; };
		FE09367D2BF38A66001BD276 /* BannerData.swift in Sources */ = {isa = PBXBuildFile; fileRef = FE09367C2BF38A66001BD276 /* BannerData.swift */; };
		FE0936832BF38B61001BD276 /* BannerEndpoint.swift in Sources */ = {isa = PBXBuildFile; fileRef = FE0936822BF38B61001BD276 /* BannerEndpoint.swift */; };
		FE0936852BF38B9B001BD276 /* EndpointProtocol.swift in Sources */ = {isa = PBXBuildFile; fileRef = FE0936842BF38B9B001BD276 /* EndpointProtocol.swift */; };
		FE0936872BF38BB9001BD276 /* HTTPMethod_Enum.swift in Sources */ = {isa = PBXBuildFile; fileRef = FE0936862BF38BB9001BD276 /* HTTPMethod_Enum.swift */; };
		FE09368C2BF38E45001BD276 /* OnboardingViewModel.swift in Sources */ = {isa = PBXBuildFile; fileRef = FE09368B2BF38E45001BD276 /* OnboardingViewModel.swift */; };
		FEDF3B9B2BF3AA32003A08EF /* URLImage in Frameworks */ = {isa = PBXBuildFile; productRef = FEDF3B9A2BF3AA32003A08EF /* URLImage */; };
		FEDF3B9D2BF3AA32003A08EF /* URLImageStore in Frameworks */ = {isa = PBXBuildFile; productRef = FEDF3B9C2BF3AA32003A08EF /* URLImageStore */; };
		FEDF3B9F2BF3ABBD003A08EF /* ExpendingImage.swift in Sources */ = {isa = PBXBuildFile; fileRef = FEDF3B9E2BF3ABBD003A08EF /* ExpendingImage.swift */; };
		FEDF3BA12BF3AED2003A08EF /* NotificationView.swift in Sources */ = {isa = PBXBuildFile; fileRef = FEDF3BA02BF3AED2003A08EF /* NotificationView.swift */; };
		FEDF3BA32BF3B1ED003A08EF /* CoachView.swift in Sources */ = {isa = PBXBuildFile; fileRef = FEDF3BA22BF3B1ED003A08EF /* CoachView.swift */; };
		FEDF3BA62BF3BA7E003A08EF /* MealPlan.swift in Sources */ = {isa = PBXBuildFile; fileRef = FEDF3BA52BF3BA7E003A08EF /* MealPlan.swift */; };
		FEDF3BA82BF3C0DF003A08EF /* Workout.swift in Sources */ = {isa = PBXBuildFile; fileRef = FEDF3BA72BF3C0DF003A08EF /* Workout.swift */; };
		FEDF3BAA2BF3C0F7003A08EF /* WeeklyCheckIn.swift in Sources */ = {isa = PBXBuildFile; fileRef = FEDF3BA92BF3C0F7003A08EF /* WeeklyCheckIn.swift */; };
		FEDF3BAC2BF3C106003A08EF /* MonthlyCheckIn.swift in Sources */ = {isa = PBXBuildFile; fileRef = FEDF3BAB2BF3C106003A08EF /* MonthlyCheckIn.swift */; };
		FEDF3BAE2BF3C116003A08EF /* Videos.swift in Sources */ = {isa = PBXBuildFile; fileRef = FEDF3BAD2BF3C116003A08EF /* Videos.swift */; };
		FEDF3BB02BF3C123003A08EF /* Photos.swift in Sources */ = {isa = PBXBuildFile; fileRef = FEDF3BAF2BF3C123003A08EF /* Photos.swift */; };
		FEDF3BB22BF3C132003A08EF /* BodyStats.swift in Sources */ = {isa = PBXBuildFile; fileRef = FEDF3BB12BF3C132003A08EF /* BodyStats.swift */; };
		FEDF3BB42BF3C13B003A08EF /* Charts.swift in Sources */ = {isa = PBXBuildFile; fileRef = FEDF3BB32BF3C13B003A08EF /* Charts.swift */; };
		FEDF3BB62BF3C143003A08EF /* Referal.swift in Sources */ = {isa = PBXBuildFile; fileRef = FEDF3BB52BF3C143003A08EF /* Referal.swift */; };
/* End PBXBuildFile section */

/* Begin PBXFileReference section */
		FE0936522BF359F4001BD276 /* QuantamITSolution.app */ = {isa = PBXFileReference; explicitFileType = wrapper.application; includeInIndex = 0; path = QuantamITSolution.app; sourceTree = BUILT_PRODUCTS_DIR; };
		FE0936552BF359F4001BD276 /* QuantamITSolutionApp.swift */ = {isa = PBXFileReference; lastKnownFileType = sourcecode.swift; path = QuantamITSolutionApp.swift; sourceTree = "<group>"; };
		FE0936572BF359F4001BD276 /* ContentView.swift */ = {isa = PBXFileReference; lastKnownFileType = sourcecode.swift; path = ContentView.swift; sourceTree = "<group>"; };
		FE0936592BF359F5001BD276 /* Assets.xcassets */ = {isa = PBXFileReference; lastKnownFileType = folder.assetcatalog; path = Assets.xcassets; sourceTree = "<group>"; };
		FE09365C2BF359F5001BD276 /* Preview Assets.xcassets */ = {isa = PBXFileReference; lastKnownFileType = folder.assetcatalog; path = "Preview Assets.xcassets"; sourceTree = "<group>"; };
		FE09365E2BF359F5001BD276 /* Persistence.swift */ = {isa = PBXFileReference; lastKnownFileType = sourcecode.swift; path = Persistence.swift; sourceTree = "<group>"; };
		FE0936612BF359F5001BD276 /* QuantamITSolution.xcdatamodel */ = {isa = PBXFileReference; lastKnownFileType = wrapper.xcdatamodel; path = QuantamITSolution.xcdatamodel; sourceTree = "<group>"; };
		FE0936682BF360E8001BD276 /* SideMenu.swift */ = {isa = PBXFileReference; lastKnownFileType = sourcecode.swift; path = SideMenu.swift; sourceTree = "<group>"; };
		FE09366A2BF3626C001BD276 /* SideViewContents.swift */ = {isa = PBXFileReference; lastKnownFileType = sourcecode.swift; path = SideViewContents.swift; sourceTree = "<group>"; };
		FE09366E2BF3872C001BD276 /* GYMView.swift */ = {isa = PBXFileReference; lastKnownFileType = sourcecode.swift; path = GYMView.swift; sourceTree = "<group>"; };
		FE0936702BF38771001BD276 /* StatsView.swift */ = {isa = PBXFileReference; lastKnownFileType = sourcecode.swift; path = StatsView.swift; sourceTree = "<group>"; };
		FE0936722BF3879E001BD276 /* Location.swift */ = {isa = PBXFileReference; lastKnownFileType = sourcecode.swift; path = Location.swift; sourceTree = "<group>"; };
		FE0936742BF38811001BD276 /* HomeView.swift */ = {isa = PBXFileReference; lastKnownFileType = sourcecode.swift; path = HomeView.swift; sourceTree = "<group>"; };
		FE0936782BF38A2B001BD276 /* BannerNetworkService.swift */ = {isa = PBXFileReference; lastKnownFileType = sourcecode.swift; path = BannerNetworkService.swift; sourceTree = "<group>"; };
		FE09367C2BF38A66001BD276 /* BannerData.swift */ = {isa = PBXFileReference; lastKnownFileType = sourcecode.swift; path = BannerData.swift; sourceTree = "<group>"; };
		FE0936822BF38B61001BD276 /* BannerEndpoint.swift */ = {isa = PBXFileReference; lastKnownFileType = sourcecode.swift; path = BannerEndpoint.swift; sourceTree = "<group>"; };
		FE0936842BF38B9B001BD276 /* EndpointProtocol.swift */ = {isa = PBXFileReference; lastKnownFileType = sourcecode.swift; path = EndpointProtocol.swift; sourceTree = "<group>"; };
		FE0936862BF38BB9001BD276 /* HTTPMethod_Enum.swift */ = {isa = PBXFileReference; lastKnownFileType = sourcecode.swift; path = HTTPMethod_Enum.swift; sourceTree = "<group>"; };
		FE09368B2BF38E45001BD276 /* OnboardingViewModel.swift */ = {isa = PBXFileReference; lastKnownFileType = sourcecode.swift; path = OnboardingViewModel.swift; sourceTree = "<group>"; };
		FEDF3B9E2BF3ABBD003A08EF /* ExpendingImage.swift */ = {isa = PBXFileReference; lastKnownFileType = sourcecode.swift; path = ExpendingImage.swift; sourceTree = "<group>"; };
		FEDF3BA02BF3AED2003A08EF /* NotificationView.swift */ = {isa = PBXFileReference; lastKnownFileType = sourcecode.swift; path = NotificationView.swift; sourceTree = "<group>"; };
		FEDF3BA22BF3B1ED003A08EF /* CoachView.swift */ = {isa = PBXFileReference; lastKnownFileType = sourcecode.swift; path = CoachView.swift; sourceTree = "<group>"; };
		FEDF3BA52BF3BA7E003A08EF /* MealPlan.swift */ = {isa = PBXFileReference; lastKnownFileType = sourcecode.swift; path = MealPlan.swift; sourceTree = "<group>"; };
		FEDF3BA72BF3C0DF003A08EF /* Workout.swift */ = {isa = PBXFileReference; lastKnownFileType = sourcecode.swift; path = Workout.swift; sourceTree = "<group>"; };
		FEDF3BA92BF3C0F7003A08EF /* WeeklyCheckIn.swift */ = {isa = PBXFileReference; lastKnownFileType = sourcecode.swift; path = WeeklyCheckIn.swift; sourceTree = "<group>"; };
		FEDF3BAB2BF3C106003A08EF /* MonthlyCheckIn.swift */ = {isa = PBXFileReference; lastKnownFileType = sourcecode.swift; path = MonthlyCheckIn.swift; sourceTree = "<group>"; };
		FEDF3BAD2BF3C116003A08EF /* Videos.swift */ = {isa = PBXFileReference; lastKnownFileType = sourcecode.swift; path = Videos.swift; sourceTree = "<group>"; };
		FEDF3BAF2BF3C123003A08EF /* Photos.swift */ = {isa = PBXFileReference; lastKnownFileType = sourcecode.swift; path = Photos.swift; sourceTree = "<group>"; };
		FEDF3BB12BF3C132003A08EF /* BodyStats.swift */ = {isa = PBXFileReference; lastKnownFileType = sourcecode.swift; path = BodyStats.swift; sourceTree = "<group>"; };
		FEDF3BB32BF3C13B003A08EF /* Charts.swift */ = {isa = PBXFileReference; lastKnownFileType = sourcecode.swift; path = Charts.swift; sourceTree = "<group>"; };
		FEDF3BB52BF3C143003A08EF /* Referal.swift */ = {isa = PBXFileReference; lastKnownFileType = sourcecode.swift; path = Referal.swift; sourceTree = "<group>"; };
/* End PBXFileReference section */

/* Begin PBXFrameworksBuildPhase section */
		FE09364F2BF359F4001BD276 /* Frameworks */ = {
			isa = PBXFrameworksBuildPhase;
			buildActionMask = 2147483647;
			files = (
				FEDF3B9D2BF3AA32003A08EF /* URLImageStore in Frameworks */,
				FEDF3B9B2BF3AA32003A08EF /* URLImage in Frameworks */,
			);
			runOnlyForDeploymentPostprocessing = 0;
		};
/* End PBXFrameworksBuildPhase section */

/* Begin PBXGroup section */
		FE0936492BF359F4001BD276 = {
			isa = PBXGroup;
			children = (
				FE0936542BF359F4001BD276 /* QuantamITSolution */,
				FE0936532BF359F4001BD276 /* Products */,
			);
			sourceTree = "<group>";
		};
		FE0936532BF359F4001BD276 /* Products */ = {
			isa = PBXGroup;
			children = (
				FE0936522BF359F4001BD276 /* QuantamITSolution.app */,
			);
			name = Products;
			sourceTree = "<group>";
		};
		FE0936542BF359F4001BD276 /* QuantamITSolution */ = {
			isa = PBXGroup;
			children = (
				FE09368A2BF38E16001BD276 /* ViewModel */,
				FE09367A2BF38A5A001BD276 /* Models */,
				FE0936762BF38A05001BD276 /* Manager */,
				FE09366C2BF386D5001BD276 /* Views */,
				FE0936552BF359F4001BD276 /* QuantamITSolutionApp.swift */,
				FE0936592BF359F5001BD276 /* Assets.xcassets */,
				FE09365E2BF359F5001BD276 /* Persistence.swift */,
				FE0936602BF359F5001BD276 /* QuantamITSolution.xcdatamodeld */,
				FE09365B2BF359F5001BD276 /* Preview Content */,
			);
			path = QuantamITSolution;
			sourceTree = "<group>";
		};
		FE09365B2BF359F5001BD276 /* Preview Content */ = {
			isa = PBXGroup;
			children = (
				FE09365C2BF359F5001BD276 /* Preview Assets.xcassets */,
			);
			path = "Preview Content";
			sourceTree = "<group>";
		};
		FE09366C2BF386D5001BD276 /* Views */ = {
			isa = PBXGroup;
			children = (
				FEDF3BA42BF3BA73003A08EF /* ExtraViews */,
				FE09366D2BF386E2001BD276 /* SideMenu */,
				FE0936572BF359F4001BD276 /* ContentView.swift */,
				FE09366E2BF3872C001BD276 /* GYMView.swift */,
				FE0936702BF38771001BD276 /* StatsView.swift */,
				FE0936722BF3879E001BD276 /* Location.swift */,
				FE0936742BF38811001BD276 /* HomeView.swift */,
				FEDF3B9E2BF3ABBD003A08EF /* ExpendingImage.swift */,
				FEDF3BA02BF3AED2003A08EF /* NotificationView.swift */,
				FEDF3BA22BF3B1ED003A08EF /* CoachView.swift */,
			);
			path = Views;
			sourceTree = "<group>";
		};
		FE09366D2BF386E2001BD276 /* SideMenu */ = {
			isa = PBXGroup;
			children = (
				FE0936682BF360E8001BD276 /* SideMenu.swift */,
				FE09366A2BF3626C001BD276 /* SideViewContents.swift */,
			);
			path = SideMenu;
			sourceTree = "<group>";
		};
		FE0936762BF38A05001BD276 /* Manager */ = {
			isa = PBXGroup;
			children = (
				FE0936772BF38A0F001BD276 /* API Services */,
			);
			path = Manager;
			sourceTree = "<group>";
		};
		FE0936772BF38A0F001BD276 /* API Services */ = {
			isa = PBXGroup;
			children = (
				FE0936782BF38A2B001BD276 /* BannerNetworkService.swift */,
			);
			path = "API Services";
			sourceTree = "<group>";
		};
		FE09367A2BF38A5A001BD276 /* Models */ = {
			isa = PBXGroup;
			children = (
				FE09367E2BF38AC8001BD276 /* Networking */,
				FE09367B2BF38A5D001BD276 /* Data */,
			);
			path = Models;
			sourceTree = "<group>";
		};
		FE09367B2BF38A5D001BD276 /* Data */ = {
			isa = PBXGroup;
			children = (
				FE09367C2BF38A66001BD276 /* BannerData.swift */,
			);
			path = Data;
			sourceTree = "<group>";
		};
		FE09367E2BF38AC8001BD276 /* Networking */ = {
			isa = PBXGroup;
			children = (
				FE09367F2BF38ACB001BD276 /* Endpoints */,
				FE0936862BF38BB9001BD276 /* HTTPMethod_Enum.swift */,
			);
			path = Networking;
			sourceTree = "<group>";
		};
		FE09367F2BF38ACB001BD276 /* Endpoints */ = {
			isa = PBXGroup;
			children = (
				FE0936822BF38B61001BD276 /* BannerEndpoint.swift */,
				FE0936842BF38B9B001BD276 /* EndpointProtocol.swift */,
			);
			path = Endpoints;
			sourceTree = "<group>";
		};
		FE09368A2BF38E16001BD276 /* ViewModel */ = {
			isa = PBXGroup;
			children = (
				FE09368B2BF38E45001BD276 /* OnboardingViewModel.swift */,
			);
			path = ViewModel;
			sourceTree = "<group>";
		};
		FEDF3BA42BF3BA73003A08EF /* ExtraViews */ = {
			isa = PBXGroup;
			children = (
				FEDF3BA52BF3BA7E003A08EF /* MealPlan.swift */,
				FEDF3BA72BF3C0DF003A08EF /* Workout.swift */,
				FEDF3BA92BF3C0F7003A08EF /* WeeklyCheckIn.swift */,
				FEDF3BAB2BF3C106003A08EF /* MonthlyCheckIn.swift */,
				FEDF3BAD2BF3C116003A08EF /* Videos.swift */,
				FEDF3BAF2BF3C123003A08EF /* Photos.swift */,
				FEDF3BB12BF3C132003A08EF /* BodyStats.swift */,
				FEDF3BB32BF3C13B003A08EF /* Charts.swift */,
				FEDF3BB52BF3C143003A08EF /* Referal.swift */,
			);
			path = ExtraViews;
			sourceTree = "<group>";
		};
/* End PBXGroup section */

/* Begin PBXNativeTarget section */
		FE0936512BF359F4001BD276 /* QuantamITSolution */ = {
			isa = PBXNativeTarget;
			buildConfigurationList = FE0936652BF359F5001BD276 /* Build configuration list for PBXNativeTarget "QuantamITSolution" */;
			buildPhases = (
				FE09364E2BF359F4001BD276 /* Sources */,
				FE09364F2BF359F4001BD276 /* Frameworks */,
				FE0936502BF359F4001BD276 /* Resources */,
			);
			buildRules = (
			);
			dependencies = (
			);
			name = QuantamITSolution;
			packageProductDependencies = (
				FEDF3B9A2BF3AA32003A08EF /* URLImage */,
				FEDF3B9C2BF3AA32003A08EF /* URLImageStore */,
			);
			productName = QuantamITSolution;
			productReference = FE0936522BF359F4001BD276 /* QuantamITSolution.app */;
			productType = "com.apple.product-type.application";
		};
/* End PBXNativeTarget section */

/* Begin PBXProject section */
		FE09364A2BF359F4001BD276 /* Project object */ = {
			isa = PBXProject;
			attributes = {
				BuildIndependentTargetsInParallel = 1;
				LastSwiftUpdateCheck = 1530;
				LastUpgradeCheck = 1530;
				TargetAttributes = {
					FE0936512BF359F4001BD276 = {
						CreatedOnToolsVersion = 15.3;
					};
				};
			};
			buildConfigurationList = FE09364D2BF359F4001BD276 /* Build configuration list for PBXProject "QuantamITSolution" */;
			compatibilityVersion = "Xcode 14.0";
			developmentRegion = en;
			hasScannedForEncodings = 0;
			knownRegions = (
				en,
				Base,
			);
			mainGroup = FE0936492BF359F4001BD276;
			packageReferences = (
				FEDF3B992BF3AA32003A08EF /* XCRemoteSwiftPackageReference "url-image" */,
			);
			productRefGroup = FE0936532BF359F4001BD276 /* Products */;
			projectDirPath = "";
			projectRoot = "";
			targets = (
				FE0936512BF359F4001BD276 /* QuantamITSolution */,
			);
		};
/* End PBXProject section */

/* Begin PBXResourcesBuildPhase section */
		FE0936502BF359F4001BD276 /* Resources */ = {
			isa = PBXResourcesBuildPhase;
			buildActionMask = 2147483647;
			files = (
				FE09365D2BF359F5001BD276 /* Preview Assets.xcassets in Resources */,
				FE09365A2BF359F5001BD276 /* Assets.xcassets in Resources */,
			);
			runOnlyForDeploymentPostprocessing = 0;
		};
/* End PBXResourcesBuildPhase section */

/* Begin PBXSourcesBuildPhase section */
		FE09364E2BF359F4001BD276 /* Sources */ = {
			isa = PBXSourcesBuildPhase;
			buildActionMask = 2147483647;
			files = (
				FE0936832BF38B61001BD276 /* BannerEndpoint.swift in Sources */,
				FE09365F2BF359F5001BD276 /* Persistence.swift in Sources */,
				FEDF3BA82BF3C0DF003A08EF /* Workout.swift in Sources */,
				FEDF3BB42BF3C13B003A08EF /* Charts.swift in Sources */,
				FEDF3B9F2BF3ABBD003A08EF /* ExpendingImage.swift in Sources */,
				FE09366F2BF3872C001BD276 /* GYMView.swift in Sources */,
				FE09366B2BF3626C001BD276 /* SideViewContents.swift in Sources */,
				FE0936872BF38BB9001BD276 /* HTTPMethod_Enum.swift in Sources */,
				FEDF3BA32BF3B1ED003A08EF /* CoachView.swift in Sources */,
				FE0936752BF38811001BD276 /* HomeView.swift in Sources */,
				FEDF3BAE2BF3C116003A08EF /* Videos.swift in Sources */,
				FEDF3BA62BF3BA7E003A08EF /* MealPlan.swift in Sources */,
				FE0936792BF38A2B001BD276 /* BannerNetworkService.swift in Sources */,
				FEDF3BB62BF3C143003A08EF /* Referal.swift in Sources */,
				FE0936582BF359F4001BD276 /* ContentView.swift in Sources */,
				FE09368C2BF38E45001BD276 /* OnboardingViewModel.swift in Sources */,
				FE0936732BF3879E001BD276 /* Location.swift in Sources */,
				FE0936712BF38772001BD276 /* StatsView.swift in Sources */,
				FE0936692BF360E8001BD276 /* SideMenu.swift in Sources */,
				FEDF3BB22BF3C132003A08EF /* BodyStats.swift in Sources */,
				FE0936562BF359F4001BD276 /* QuantamITSolutionApp.swift in Sources */,
				FEDF3BB02BF3C123003A08EF /* Photos.swift in Sources */,
				FE0936852BF38B9B001BD276 /* EndpointProtocol.swift in Sources */,
				FE0936622BF359F5001BD276 /* QuantamITSolution.xcdatamodeld in Sources */,
				FE09367D2BF38A66001BD276 /* BannerData.swift in Sources */,
				FEDF3BAA2BF3C0F7003A08EF /* WeeklyCheckIn.swift in Sources */,
				FEDF3BAC2BF3C106003A08EF /* MonthlyCheckIn.swift in Sources */,
				FEDF3BA12BF3AED2003A08EF /* NotificationView.swift in Sources */,
			);
			runOnlyForDeploymentPostprocessing = 0;
		};
/* End PBXSourcesBuildPhase section */

/* Begin XCBuildConfiguration section */
		FE0936632BF359F5001BD276 /* Debug */ = {
			isa = XCBuildConfiguration;
			buildSettings = {
				ALWAYS_SEARCH_USER_PATHS = NO;
				ASSETCATALOG_COMPILER_GENERATE_SWIFT_ASSET_SYMBOL_EXTENSIONS = YES;
				CLANG_ANALYZER_NONNULL = YES;
				CLANG_ANALYZER_NUMBER_OBJECT_CONVERSION = YES_AGGRESSIVE;
				CLANG_CXX_LANGUAGE_STANDARD = "gnu++20";
				CLANG_ENABLE_MODULES = YES;
				CLANG_ENABLE_OBJC_ARC = YES;
				CLANG_ENABLE_OBJC_WEAK = YES;
				CLANG_WARN_BLOCK_CAPTURE_AUTORELEASING = YES;
				CLANG_WARN_BOOL_CONVERSION = YES;
				CLANG_WARN_COMMA = YES;
				CLANG_WARN_CONSTANT_CONVERSION = YES;
				CLANG_WARN_DEPRECATED_OBJC_IMPLEMENTATIONS = YES;
				CLANG_WARN_DIRECT_OBJC_ISA_USAGE = YES_ERROR;
				CLANG_WARN_DOCUMENTATION_COMMENTS = YES;
				CLANG_WARN_EMPTY_BODY = YES;
				CLANG_WARN_ENUM_CONVERSION = YES;
				CLANG_WARN_INFINITE_RECURSION = YES;
				CLANG_WARN_INT_CONVERSION = YES;
				CLANG_WARN_NON_LITERAL_NULL_CONVERSION = YES;
				CLANG_WARN_OBJC_IMPLICIT_RETAIN_SELF = YES;
				CLANG_WARN_OBJC_LITERAL_CONVERSION = YES;
				CLANG_WARN_OBJC_ROOT_CLASS = YES_ERROR;
				CLANG_WARN_QUOTED_INCLUDE_IN_FRAMEWORK_HEADER = YES;
				CLANG_WARN_RANGE_LOOP_ANALYSIS = YES;
				CLANG_WARN_STRICT_PROTOTYPES = YES;
				CLANG_WARN_SUSPICIOUS_MOVE = YES;
				CLANG_WARN_UNGUARDED_AVAILABILITY = YES_AGGRESSIVE;
				CLANG_WARN_UNREACHABLE_CODE = YES;
				CLANG_WARN__DUPLICATE_METHOD_MATCH = YES;
				COPY_PHASE_STRIP = NO;
				DEBUG_INFORMATION_FORMAT = dwarf;
				ENABLE_STRICT_OBJC_MSGSEND = YES;
				ENABLE_TESTABILITY = YES;
				ENABLE_USER_SCRIPT_SANDBOXING = YES;
				GCC_C_LANGUAGE_STANDARD = gnu17;
				GCC_DYNAMIC_NO_PIC = NO;
				GCC_NO_COMMON_BLOCKS = YES;
				GCC_OPTIMIZATION_LEVEL = 0;
				GCC_PREPROCESSOR_DEFINITIONS = (
					"DEBUG=1",
					"$(inherited)",
				);
				GCC_WARN_64_TO_32_BIT_CONVERSION = YES;
				GCC_WARN_ABOUT_RETURN_TYPE = YES_ERROR;
				GCC_WARN_UNDECLARED_SELECTOR = YES;
				GCC_WARN_UNINITIALIZED_AUTOS = YES_AGGRESSIVE;
				GCC_WARN_UNUSED_FUNCTION = YES;
				GCC_WARN_UNUSED_VARIABLE = YES;
				IPHONEOS_DEPLOYMENT_TARGET = 17.4;
				LOCALIZATION_PREFERS_STRING_CATALOGS = YES;
				MTL_ENABLE_DEBUG_INFO = INCLUDE_SOURCE;
				MTL_FAST_MATH = YES;
				ONLY_ACTIVE_ARCH = YES;
				SDKROOT = iphoneos;
				SWIFT_ACTIVE_COMPILATION_CONDITIONS = "DEBUG $(inherited)";
				SWIFT_OPTIMIZATION_LEVEL = "-Onone";
			};
			name = Debug;
		};
		FE0936642BF359F5001BD276 /* Release */ = {
			isa = XCBuildConfiguration;
			buildSettings = {
				ALWAYS_SEARCH_USER_PATHS = NO;
				ASSETCATALOG_COMPILER_GENERATE_SWIFT_ASSET_SYMBOL_EXTENSIONS = YES;
				CLANG_ANALYZER_NONNULL = YES;
				CLANG_ANALYZER_NUMBER_OBJECT_CONVERSION = YES_AGGRESSIVE;
				CLANG_CXX_LANGUAGE_STANDARD = "gnu++20";
				CLANG_ENABLE_MODULES = YES;
				CLANG_ENABLE_OBJC_ARC = YES;
				CLANG_ENABLE_OBJC_WEAK = YES;
				CLANG_WARN_BLOCK_CAPTURE_AUTORELEASING = YES;
				CLANG_WARN_BOOL_CONVERSION = YES;
				CLANG_WARN_COMMA = YES;
				CLANG_WARN_CONSTANT_CONVERSION = YES;
				CLANG_WARN_DEPRECATED_OBJC_IMPLEMENTATIONS = YES;
				CLANG_WARN_DIRECT_OBJC_ISA_USAGE = YES_ERROR;
				CLANG_WARN_DOCUMENTATION_COMMENTS = YES;
				CLANG_WARN_EMPTY_BODY = YES;
				CLANG_WARN_ENUM_CONVERSION = YES;
				CLANG_WARN_INFINITE_RECURSION = YES;
				CLANG_WARN_INT_CONVERSION = YES;
				CLANG_WARN_NON_LITERAL_NULL_CONVERSION = YES;
				CLANG_WARN_OBJC_IMPLICIT_RETAIN_SELF = YES;
				CLANG_WARN_OBJC_LITERAL_CONVERSION = YES;
				CLANG_WARN_OBJC_ROOT_CLASS = YES_ERROR;
				CLANG_WARN_QUOTED_INCLUDE_IN_FRAMEWORK_HEADER = YES;
				CLANG_WARN_RANGE_LOOP_ANALYSIS = YES;
				CLANG_WARN_STRICT_PROTOTYPES = YES;
				CLANG_WARN_SUSPICIOUS_MOVE = YES;
				CLANG_WARN_UNGUARDED_AVAILABILITY = YES_AGGRESSIVE;
				CLANG_WARN_UNREACHABLE_CODE = YES;
				CLANG_WARN__DUPLICATE_METHOD_MATCH = YES;
				COPY_PHASE_STRIP = NO;
				DEBUG_INFORMATION_FORMAT = "dwarf-with-dsym";
				ENABLE_NS_ASSERTIONS = NO;
				ENABLE_STRICT_OBJC_MSGSEND = YES;
				ENABLE_USER_SCRIPT_SANDBOXING = YES;
				GCC_C_LANGUAGE_STANDARD = gnu17;
				GCC_NO_COMMON_BLOCKS = YES;
				GCC_WARN_64_TO_32_BIT_CONVERSION = YES;
				GCC_WARN_ABOUT_RETURN_TYPE = YES_ERROR;
				GCC_WARN_UNDECLARED_SELECTOR = YES;
				GCC_WARN_UNINITIALIZED_AUTOS = YES_AGGRESSIVE;
				GCC_WARN_UNUSED_FUNCTION = YES;
				GCC_WARN_UNUSED_VARIABLE = YES;
				IPHONEOS_DEPLOYMENT_TARGET = 17.4;
				LOCALIZATION_PREFERS_STRING_CATALOGS = YES;
				MTL_ENABLE_DEBUG_INFO = NO;
				MTL_FAST_MATH = YES;
				SDKROOT = iphoneos;
				SWIFT_COMPILATION_MODE = wholemodule;
				VALIDATE_PRODUCT = YES;
			};
			name = Release;
		};
		FE0936662BF359F5001BD276 /* Debug */ = {
			isa = XCBuildConfiguration;
			buildSettings = {
				ASSETCATALOG_COMPILER_APPICON_NAME = AppIcon;
				ASSETCATALOG_COMPILER_GLOBAL_ACCENT_COLOR_NAME = AccentColor;
				CODE_SIGN_STYLE = Automatic;
				CURRENT_PROJECT_VERSION = 1;
				DEVELOPMENT_ASSET_PATHS = "\"QuantamITSolution/Preview Content\"";
				DEVELOPMENT_TEAM = U59ACTGLF9;
				ENABLE_PREVIEWS = YES;
				GENERATE_INFOPLIST_FILE = YES;
				INFOPLIST_KEY_UIApplicationSceneManifest_Generation = YES;
				INFOPLIST_KEY_UIApplicationSupportsIndirectInputEvents = YES;
				INFOPLIST_KEY_UILaunchScreen_Generation = YES;
				INFOPLIST_KEY_UISupportedInterfaceOrientations_iPad = "UIInterfaceOrientationPortrait UIInterfaceOrientationPortraitUpsideDown UIInterfaceOrientationLandscapeLeft UIInterfaceOrientationLandscapeRight";
				INFOPLIST_KEY_UISupportedInterfaceOrientations_iPhone = "UIInterfaceOrientationPortrait UIInterfaceOrientationLandscapeLeft UIInterfaceOrientationLandscapeRight";
				LD_RUNPATH_SEARCH_PATHS = (
					"$(inherited)",
					"@executable_path/Frameworks",
				);
				MARKETING_VERSION = 1.0;
				PRODUCT_BUNDLE_IDENTIFIER = Project.QuantamITSolution;
				PRODUCT_NAME = "$(TARGET_NAME)";
				SWIFT_EMIT_LOC_STRINGS = YES;
				SWIFT_VERSION = 5.0;
				TARGETED_DEVICE_FAMILY = "1,2";
			};
			name = Debug;
		};
		FE0936672BF359F5001BD276 /* Release */ = {
			isa = XCBuildConfiguration;
			buildSettings = {
				ASSETCATALOG_COMPILER_APPICON_NAME = AppIcon;
				ASSETCATALOG_COMPILER_GLOBAL_ACCENT_COLOR_NAME = AccentColor;
				CODE_SIGN_STYLE = Automatic;
				CURRENT_PROJECT_VERSION = 1;
				DEVELOPMENT_ASSET_PATHS = "\"QuantamITSolution/Preview Content\"";
				DEVELOPMENT_TEAM = U59ACTGLF9;
				ENABLE_PREVIEWS = YES;
				GENERATE_INFOPLIST_FILE = YES;
				INFOPLIST_KEY_UIApplicationSceneManifest_Generation = YES;
				INFOPLIST_KEY_UIApplicationSupportsIndirectInputEvents = YES;
				INFOPLIST_KEY_UILaunchScreen_Generation = YES;
				INFOPLIST_KEY_UISupportedInterfaceOrientations_iPad = "UIInterfaceOrientationPortrait UIInterfaceOrientationPortraitUpsideDown UIInterfaceOrientationLandscapeLeft UIInterfaceOrientationLandscapeRight";
				INFOPLIST_KEY_UISupportedInterfaceOrientations_iPhone = "UIInterfaceOrientationPortrait UIInterfaceOrientationLandscapeLeft UIInterfaceOrientationLandscapeRight";
				LD_RUNPATH_SEARCH_PATHS = (
					"$(inherited)",
					"@executable_path/Frameworks",
				);
				MARKETING_VERSION = 1.0;
				PRODUCT_BUNDLE_IDENTIFIER = Project.QuantamITSolution;
				PRODUCT_NAME = "$(TARGET_NAME)";
				SWIFT_EMIT_LOC_STRINGS = YES;
				SWIFT_VERSION = 5.0;
				TARGETED_DEVICE_FAMILY = "1,2";
			};
			name = Release;
		};
/* End XCBuildConfiguration section */

/* Begin XCConfigurationList section */
		FE09364D2BF359F4001BD276 /* Build configuration list for PBXProject "QuantamITSolution" */ = {
			isa = XCConfigurationList;
			buildConfigurations = (
				FE0936632BF359F5001BD276 /* Debug */,
				FE0936642BF359F5001BD276 /* Release */,
			);
			defaultConfigurationIsVisible = 0;
			defaultConfigurationName = Release;
		};
		FE0936652BF359F5001BD276 /* Build configuration list for PBXNativeTarget "QuantamITSolution" */ = {
			isa = XCConfigurationList;
			buildConfigurations = (
				FE0936662BF359F5001BD276 /* Debug */,
				FE0936672BF359F5001BD276 /* Release */,
			);
			defaultConfigurationIsVisible = 0;
			defaultConfigurationName = Release;
		};
/* End XCConfigurationList section */

/* Begin XCRemoteSwiftPackageReference section */
		FEDF3B992BF3AA32003A08EF /* XCRemoteSwiftPackageReference "url-image" */ = {
			isa = XCRemoteSwiftPackageReference;
			repositoryURL = "https://github.com/dmytro-anokhin/url-image.git";
			requirement = {
				kind = upToNextMajorVersion;
				minimumVersion = 3.1.1;
			};
		};
/* End XCRemoteSwiftPackageReference section */

/* Begin XCSwiftPackageProductDependency section */
		FEDF3B9A2BF3AA32003A08EF /* URLImage */ = {
			isa = XCSwiftPackageProductDependency;
			package = FEDF3B992BF3AA32003A08EF /* XCRemoteSwiftPackageReference "url-image" */;
			productName = URLImage;
		};
		FEDF3B9C2BF3AA32003A08EF /* URLImageStore */ = {
			isa = XCSwiftPackageProductDependency;
			package = FEDF3B992BF3AA32003A08EF /* XCRemoteSwiftPackageReference "url-image" */;
			productName = URLImageStore;
		};
/* End XCSwiftPackageProductDependency section */

/* Begin XCVersionGroup section */
		FE0936602BF359F5001BD276 /* QuantamITSolution.xcdatamodeld */ = {
			isa = XCVersionGroup;
			children = (
				FE0936612BF359F5001BD276 /* QuantamITSolution.xcdatamodel */,
			);
			currentVersion = FE0936612BF359F5001BD276 /* QuantamITSolution.xcdatamodel */;
			path = QuantamITSolution.xcdatamodeld;
			sourceTree = "<group>";
			versionGroupType = wrapper.xcdatamodel;
		};
/* End XCVersionGroup section */
	};
	rootObject = FE09364A2BF359F4001BD276 /* Project object */;
}
